
Microsoft Visual Studio Solution File, Format Version 12.00
# Visual Studio Version 17
VisualStudioVersion = 17.1.32328.378
MinimumVisualStudioVersion = 10.0.40219.1
Project("{FAE04EC0-301F-11D3-BF4B-00C04F79EFBC}") = "webbanxe", "webbanxe\webbanxe.csproj", "{AC691C66-0711-4DCC-87DA-84626ECF5A5B}"
EndProject
Global
	GlobalSection(SolutionConfigurationPlatforms) = preSolution
		Debug|Any CPU = Debug|Any CPU
		Release|Any CPU = Release|Any CPU
	EndGlobalSection
	GlobalSection(ProjectConfigurationPlatforms) = postSolution
		{AC691C66-0711-4DCC-87DA-84626ECF5A5B}.Debug|Any CPU.ActiveCfg = Debug|Any CPU
		{AC691C66-0711-4DCC-87DA-84626ECF5A5B}.Debug|Any CPU.Build.0 = Debug|Any CPU
		{AC691C66-0711-4DCC-87DA-84626ECF5A5B}.Release|Any CPU.ActiveCfg = Release|Any CPU
		{AC691C66-0711-4DCC-87DA-84626ECF5A5B}.Release|Any CPU.Build.0 = Release|Any CPU
	EndGlobalSection
	GlobalSection(SolutionProperties) = preSolution
		HideSolutionNode = FALSE
	EndGlobalSection
	GlobalSection(ExtensibilityGlobals) = postSolution
		SolutionGuid = {B7E092D3-B2B5-4C66-9C5B-953D896D0ACB}
	EndGlobalSection
EndGlobal
